// !$*UTF8*$!
{
	archiveVersion = 1;
	classes = {
	};
	objectVersion = 56;
	objects = {

/* Begin PBXBuildFile section */
		4E38CB082A9A4C68003294DC /* AppDelegate.swift in Sources */ = {isa = PBXBuildFile; fileRef = 4E38CB072A9A4C68003294DC /* AppDelegate.swift */; };
		4E38CB0A2A9A4C68003294DC /* SceneDelegate.swift in Sources */ = {isa = PBXBuildFile; fileRef = 4E38CB092A9A4C68003294DC /* SceneDelegate.swift */; };
		4E38CB0C2A9A4C68003294DC /* MainViewController.swift in Sources */ = {isa = PBXBuildFile; fileRef = 4E38CB0B2A9A4C68003294DC /* MainViewController.swift */; };
		4E38CB112A9A4C6A003294DC /* Assets.xcassets in Resources */ = {isa = PBXBuildFile; fileRef = 4E38CB102A9A4C6A003294DC /* Assets.xcassets */; };
		4E38CB142A9A4C6A003294DC /* LaunchScreen.storyboard in Resources */ = {isa = PBXBuildFile; fileRef = 4E38CB122A9A4C6A003294DC /* LaunchScreen.storyboard */; };
		4E38CB1C2A9A4D26003294DC /* MainViewModel.swift in Sources */ = {isa = PBXBuildFile; fileRef = 4E38CB1B2A9A4D26003294DC /* MainViewModel.swift */; };
		4E38CB262A9A4E2B003294DC /* russia_losses_personnel.json in Resources */ = {isa = PBXBuildFile; fileRef = 4E38CB242A9A4E2B003294DC /* russia_losses_personnel.json */; };
		4E38CB272A9A4E2B003294DC /* russia_losses_equipment.json in Resources */ = {isa = PBXBuildFile; fileRef = 4E38CB252A9A4E2B003294DC /* russia_losses_equipment.json */; };
		4E38CB2B2A9A4E2F003294DC /* Constants.swift in Sources */ = {isa = PBXBuildFile; fileRef = 4E38CB292A9A4E2F003294DC /* Constants.swift */; };
		4E38CB2C2A9A4E2F003294DC /* JSONLoader.swift in Sources */ = {isa = PBXBuildFile; fileRef = 4E38CB2A2A9A4E2F003294DC /* JSONLoader.swift */; };
		4E38CB362A9A4F32003294DC /* Date + Extension.swift in Sources */ = {isa = PBXBuildFile; fileRef = 4E38CB352A9A4F32003294DC /* Date + Extension.swift */; };
		4E38CB3B2A9A503F003294DC /* AppCoordinator.swift in Sources */ = {isa = PBXBuildFile; fileRef = 4E38CB382A9A503F003294DC /* AppCoordinator.swift */; };
		4E38CB3C2A9A503F003294DC /* Coordinator.swift in Sources */ = {isa = PBXBuildFile; fileRef = 4E38CB3A2A9A503F003294DC /* Coordinator.swift */; };
		4E38CB3E2A9A504A003294DC /* MainCoordinator.swift in Sources */ = {isa = PBXBuildFile; fileRef = 4E38CB3D2A9A5049003294DC /* MainCoordinator.swift */; };
		4E38CB402A9A504E003294DC /* DetailViewController.swift in Sources */ = {isa = PBXBuildFile; fileRef = 4E38CB3F2A9A504E003294DC /* DetailViewController.swift */; };
		4E38CB492A9A519D003294DC /* Loss.swift in Sources */ = {isa = PBXBuildFile; fileRef = 4E38CB482A9A519D003294DC /* Loss.swift */; };
		4E38CB4D2A9A51FD003294DC /* Personnel.swift in Sources */ = {isa = PBXBuildFile; fileRef = 4E38CB4C2A9A51FD003294DC /* Personnel.swift */; };
		4E38CB4F2A9A5225003294DC /* Equipment.swift in Sources */ = {isa = PBXBuildFile; fileRef = 4E38CB4E2A9A5225003294DC /* Equipment.swift */; };
/* End PBXBuildFile section */

/* Begin PBXFileReference section */
		4E38CB042A9A4C68003294DC /* Ukraine Defense Tracker.app */ = {isa = PBXFileReference; explicitFileType = wrapper.application; includeInIndex = 0; path = "Ukraine Defense Tracker.app"; sourceTree = BUILT_PRODUCTS_DIR; };
		4E38CB072A9A4C68003294DC /* AppDelegate.swift */ = {isa = PBXFileReference; lastKnownFileType = sourcecode.swift; path = AppDelegate.swift; sourceTree = "<group>"; };
		4E38CB092A9A4C68003294DC /* SceneDelegate.swift */ = {isa = PBXFileReference; lastKnownFileType = sourcecode.swift; path = SceneDelegate.swift; sourceTree = "<group>"; };
		4E38CB0B2A9A4C68003294DC /* MainViewController.swift */ = {isa = PBXFileReference; lastKnownFileType = sourcecode.swift; path = MainViewController.swift; sourceTree = "<group>"; };
		4E38CB102A9A4C6A003294DC /* Assets.xcassets */ = {isa = PBXFileReference; lastKnownFileType = folder.assetcatalog; path = Assets.xcassets; sourceTree = "<group>"; };
		4E38CB132A9A4C6A003294DC /* Base */ = {isa = PBXFileReference; lastKnownFileType = file.storyboard; name = Base; path = Base.lproj/LaunchScreen.storyboard; sourceTree = "<group>"; };
		4E38CB152A9A4C6A003294DC /* Info.plist */ = {isa = PBXFileReference; lastKnownFileType = text.plist.xml; path = Info.plist; sourceTree = "<group>"; };
		4E38CB1B2A9A4D26003294DC /* MainViewModel.swift */ = {isa = PBXFileReference; lastKnownFileType = sourcecode.swift; path = MainViewModel.swift; sourceTree = "<group>"; };
		4E38CB242A9A4E2B003294DC /* russia_losses_personnel.json */ = {isa = PBXFileReference; fileEncoding = 4; lastKnownFileType = text.json; path = russia_losses_personnel.json; sourceTree = "<group>"; };
		4E38CB252A9A4E2B003294DC /* russia_losses_equipment.json */ = {isa = PBXFileReference; fileEncoding = 4; lastKnownFileType = text.json; path = russia_losses_equipment.json; sourceTree = "<group>"; };
		4E38CB292A9A4E2F003294DC /* Constants.swift */ = {isa = PBXFileReference; fileEncoding = 4; lastKnownFileType = sourcecode.swift; path = Constants.swift; sourceTree = "<group>"; };
		4E38CB2A2A9A4E2F003294DC /* JSONLoader.swift */ = {isa = PBXFileReference; fileEncoding = 4; lastKnownFileType = sourcecode.swift; path = JSONLoader.swift; sourceTree = "<group>"; };
		4E38CB352A9A4F32003294DC /* Date + Extension.swift */ = {isa = PBXFileReference; lastKnownFileType = sourcecode.swift; path = "Date + Extension.swift"; sourceTree = "<group>"; };
		4E38CB382A9A503F003294DC /* AppCoordinator.swift */ = {isa = PBXFileReference; fileEncoding = 4; lastKnownFileType = sourcecode.swift; path = AppCoordinator.swift; sourceTree = "<group>"; };
		4E38CB3A2A9A503F003294DC /* Coordinator.swift */ = {isa = PBXFileReference; fileEncoding = 4; lastKnownFileType = sourcecode.swift; path = Coordinator.swift; sourceTree = "<group>"; };
		4E38CB3D2A9A5049003294DC /* MainCoordinator.swift */ = {isa = PBXFileReference; fileEncoding = 4; lastKnownFileType = sourcecode.swift; path = MainCoordinator.swift; sourceTree = "<group>"; };
		4E38CB3F2A9A504E003294DC /* DetailViewController.swift */ = {isa = PBXFileReference; fileEncoding = 4; lastKnownFileType = sourcecode.swift; path = DetailViewController.swift; sourceTree = "<group>"; };
		4E38CB482A9A519D003294DC /* Loss.swift */ = {isa = PBXFileReference; lastKnownFileType = sourcecode.swift; path = Loss.swift; sourceTree = "<group>"; };
		4E38CB4C2A9A51FD003294DC /* Personnel.swift */ = {isa = PBXFileReference; lastKnownFileType = sourcecode.swift; path = Personnel.swift; sourceTree = "<group>"; };
		4E38CB4E2A9A5225003294DC /* Equipment.swift */ = {isa = PBXFileReference; lastKnownFileType = sourcecode.swift; path = Equipment.swift; sourceTree = "<group>"; };
/* End PBXFileReference section */

/* Begin PBXFrameworksBuildPhase section */
		4E38CB012A9A4C68003294DC /* Frameworks */ = {
			isa = PBXFrameworksBuildPhase;
			buildActionMask = 2147483647;
			files = (
			);
			runOnlyForDeploymentPostprocessing = 0;
		};
/* End PBXFrameworksBuildPhase section */

/* Begin PBXGroup section */
		4E38CAFB2A9A4C68003294DC = {
			isa = PBXGroup;
			children = (
				4E38CB062A9A4C68003294DC /* Ukraine Defense Tracker */,
				4E38CB052A9A4C68003294DC /* Products */,
			);
			sourceTree = "<group>";
		};
		4E38CB052A9A4C68003294DC /* Products */ = {
			isa = PBXGroup;
			children = (
				4E38CB042A9A4C68003294DC /* Ukraine Defense Tracker.app */,
			);
			name = Products;
			sourceTree = "<group>";
		};
		4E38CB062A9A4C68003294DC /* Ukraine Defense Tracker */ = {
			isa = PBXGroup;
			children = (
				4E38CB302A9A4E54003294DC /* MainScene */,
				4E38CB372A9A503F003294DC /* Coordinators */,
				4E38CB282A9A4E2F003294DC /* Helpers */,
				4E38CB342A9A4F22003294DC /* Extensions */,
				4E38CB232A9A4E2B003294DC /* Resources */,
				4E38CB2D2A9A4E38003294DC /* Application */,
				4E38CB102A9A4C6A003294DC /* Assets.xcassets */,
				4E38CB122A9A4C6A003294DC /* LaunchScreen.storyboard */,
				4E38CB152A9A4C6A003294DC /* Info.plist */,
			);
			path = "Ukraine Defense Tracker";
			sourceTree = "<group>";
		};
		4E38CB232A9A4E2B003294DC /* Resources */ = {
			isa = PBXGroup;
			children = (
				4E38CB242A9A4E2B003294DC /* russia_losses_personnel.json */,
				4E38CB252A9A4E2B003294DC /* russia_losses_equipment.json */,
			);
			path = Resources;
			sourceTree = "<group>";
		};
		4E38CB282A9A4E2F003294DC /* Helpers */ = {
			isa = PBXGroup;
			children = (
				4E38CB292A9A4E2F003294DC /* Constants.swift */,
				4E38CB2A2A9A4E2F003294DC /* JSONLoader.swift */,
			);
			path = Helpers;
			sourceTree = "<group>";
		};
		4E38CB2D2A9A4E38003294DC /* Application */ = {
			isa = PBXGroup;
			children = (
				4E38CB072A9A4C68003294DC /* AppDelegate.swift */,
				4E38CB092A9A4C68003294DC /* SceneDelegate.swift */,
			);
			path = Application;
			sourceTree = "<group>";
		};
		4E38CB2E2A9A4E47003294DC /* View */ = {
			isa = PBXGroup;
			children = (
				4E38CB0B2A9A4C68003294DC /* MainViewController.swift */,
				4E38CB3F2A9A504E003294DC /* DetailViewController.swift */,
			);
			path = View;
			sourceTree = "<group>";
		};
		4E38CB2F2A9A4E4F003294DC /* ViewModel */ = {
			isa = PBXGroup;
			children = (
				4E38CB1B2A9A4D26003294DC /* MainViewModel.swift */,
			);
			path = ViewModel;
			sourceTree = "<group>";
		};
		4E38CB302A9A4E54003294DC /* MainScene */ = {
			isa = PBXGroup;
			children = (
				4E38CB3D2A9A5049003294DC /* MainCoordinator.swift */,
				4E38CB312A9A4E5E003294DC /* Model */,
				4E38CB2E2A9A4E47003294DC /* View */,
				4E38CB2F2A9A4E4F003294DC /* ViewModel */,
			);
			path = MainScene;
			sourceTree = "<group>";
		};
		4E38CB312A9A4E5E003294DC /* Model */ = {
			isa = PBXGroup;
			children = (
				4E38CB4C2A9A51FD003294DC /* Personnel.swift */,
				4E38CB4E2A9A5225003294DC /* Equipment.swift */,
				4E38CB482A9A519D003294DC /* Loss.swift */,
			);
			path = Model;
			sourceTree = "<group>";
		};
		4E38CB342A9A4F22003294DC /* Extensions */ = {
			isa = PBXGroup;
			children = (
				4E38CB352A9A4F32003294DC /* Date + Extension.swift */,
			);
			path = Extensions;
			sourceTree = "<group>";
		};
		4E38CB372A9A503F003294DC /* Coordinators */ = {
			isa = PBXGroup;
			children = (
				4E38CB382A9A503F003294DC /* AppCoordinator.swift */,
				4E38CB392A9A503F003294DC /* Protocol */,
			);
			path = Coordinators;
			sourceTree = "<group>";
		};
		4E38CB392A9A503F003294DC /* Protocol */ = {
			isa = PBXGroup;
			children = (
				4E38CB3A2A9A503F003294DC /* Coordinator.swift */,
			);
			path = Protocol;
			sourceTree = "<group>";
		};
/* End PBXGroup section */

/* Begin PBXNativeTarget section */
		4E38CB032A9A4C68003294DC /* Ukraine Defense Tracker */ = {
			isa = PBXNativeTarget;
			buildConfigurationList = 4E38CB182A9A4C6A003294DC /* Build configuration list for PBXNativeTarget "Ukraine Defense Tracker" */;
			buildPhases = (
				4E38CB002A9A4C68003294DC /* Sources */,
				4E38CB012A9A4C68003294DC /* Frameworks */,
				4E38CB022A9A4C68003294DC /* Resources */,
			);
			buildRules = (
			);
			dependencies = (
			);
			name = "Ukraine Defense Tracker";
			productName = "Ukraine Defense Tracker";
			productReference = 4E38CB042A9A4C68003294DC /* Ukraine Defense Tracker.app */;
			productType = "com.apple.product-type.application";
		};
/* End PBXNativeTarget section */

/* Begin PBXProject section */
		4E38CAFC2A9A4C68003294DC /* Project object */ = {
			isa = PBXProject;
			attributes = {
				BuildIndependentTargetsInParallel = 1;
				LastSwiftUpdateCheck = 1430;
				LastUpgradeCheck = 1430;
				TargetAttributes = {
					4E38CB032A9A4C68003294DC = {
						CreatedOnToolsVersion = 14.3.1;
					};
				};
			};
			buildConfigurationList = 4E38CAFF2A9A4C68003294DC /* Build configuration list for PBXProject "Ukraine Defense Tracker" */;
			compatibilityVersion = "Xcode 14.0";
			developmentRegion = en;
			hasScannedForEncodings = 0;
			knownRegions = (
				en,
				Base,
			);
			mainGroup = 4E38CAFB2A9A4C68003294DC;
			productRefGroup = 4E38CB052A9A4C68003294DC /* Products */;
			projectDirPath = "";
			projectRoot = "";
			targets = (
				4E38CB032A9A4C68003294DC /* Ukraine Defense Tracker */,
			);
		};
/* End PBXProject section */

/* Begin PBXResourcesBuildPhase section */
		4E38CB022A9A4C68003294DC /* Resources */ = {
			isa = PBXResourcesBuildPhase;
			buildActionMask = 2147483647;
			files = (
				4E38CB262A9A4E2B003294DC /* russia_losses_personnel.json in Resources */,
				4E38CB272A9A4E2B003294DC /* russia_losses_equipment.json in Resources */,
				4E38CB142A9A4C6A003294DC /* LaunchScreen.storyboard in Resources */,
				4E38CB112A9A4C6A003294DC /* Assets.xcassets in Resources */,
			);
			runOnlyForDeploymentPostprocessing = 0;
		};
/* End PBXResourcesBuildPhase section */

/* Begin PBXSourcesBuildPhase section */
		4E38CB002A9A4C68003294DC /* Sources */ = {
			isa = PBXSourcesBuildPhase;
			buildActionMask = 2147483647;
			files = (
				4E38CB0C2A9A4C68003294DC /* MainViewController.swift in Sources */,
				4E38CB3E2A9A504A003294DC /* MainCoordinator.swift in Sources */,
				4E38CB4F2A9A5225003294DC /* Equipment.swift in Sources */,
				4E38CB4D2A9A51FD003294DC /* Personnel.swift in Sources */,
				4E38CB402A9A504E003294DC /* DetailViewController.swift in Sources */,
				4E38CB082A9A4C68003294DC /* AppDelegate.swift in Sources */,
				4E38CB3B2A9A503F003294DC /* AppCoordinator.swift in Sources */,
				4E38CB492A9A519D003294DC /* Loss.swift in Sources */,
				4E38CB362A9A4F32003294DC /* Date + Extension.swift in Sources */,
				4E38CB3C2A9A503F003294DC /* Coordinator.swift in Sources */,
				4E38CB2C2A9A4E2F003294DC /* JSONLoader.swift in Sources */,
				4E38CB2B2A9A4E2F003294DC /* Constants.swift in Sources */,
				4E38CB0A2A9A4C68003294DC /* SceneDelegate.swift in Sources */,
				4E38CB1C2A9A4D26003294DC /* MainViewModel.swift in Sources */,
			);
			runOnlyForDeploymentPostprocessing = 0;
		};
/* End PBXSourcesBuildPhase section */

/* Begin PBXVariantGroup section */
		4E38CB122A9A4C6A003294DC /* LaunchScreen.storyboard */ = {
			isa = PBXVariantGroup;
			children = (
				4E38CB132A9A4C6A003294DC /* Base */,
			);
			name = LaunchScreen.storyboard;
			sourceTree = "<group>";
		};
/* End PBXVariantGroup section */

/* Begin XCBuildConfiguration section */
		4E38CB162A9A4C6A003294DC /* Debug */ = {
			isa = XCBuildConfiguration;
			buildSettings = {
				ALWAYS_SEARCH_USER_PATHS = NO;
				CLANG_ANALYZER_NONNULL = YES;
				CLANG_ANALYZER_NUMBER_OBJECT_CONVERSION = YES_AGGRESSIVE;
				CLANG_CXX_LANGUAGE_STANDARD = "gnu++20";
				CLANG_ENABLE_MODULES = YES;
				CLANG_ENABLE_OBJC_ARC = YES;
				CLANG_ENABLE_OBJC_WEAK = YES;
				CLANG_WARN_BLOCK_CAPTURE_AUTORELEASING = YES;
				CLANG_WARN_BOOL_CONVERSION = YES;
				CLANG_WARN_COMMA = YES;
				CLANG_WARN_CONSTANT_CONVERSION = YES;
				CLANG_WARN_DEPRECATED_OBJC_IMPLEMENTATIONS = YES;
				CLANG_WARN_DIRECT_OBJC_ISA_USAGE = YES_ERROR;
				CLANG_WARN_DOCUMENTATION_COMMENTS = YES;
				CLANG_WARN_EMPTY_BODY = YES;
				CLANG_WARN_ENUM_CONVERSION = YES;
				CLANG_WARN_INFINITE_RECURSION = YES;
				CLANG_WARN_INT_CONVERSION = YES;
				CLANG_WARN_NON_LITERAL_NULL_CONVERSION = YES;
				CLANG_WARN_OBJC_IMPLICIT_RETAIN_SELF = YES;
				CLANG_WARN_OBJC_LITERAL_CONVERSION = YES;
				CLANG_WARN_OBJC_ROOT_CLASS = YES_ERROR;
				CLANG_WARN_QUOTED_INCLUDE_IN_FRAMEWORK_HEADER = YES;
				CLANG_WARN_RANGE_LOOP_ANALYSIS = YES;
				CLANG_WARN_STRICT_PROTOTYPES = YES;
				CLANG_WARN_SUSPICIOUS_MOVE = YES;
				CLANG_WARN_UNGUARDED_AVAILABILITY = YES_AGGRESSIVE;
				CLANG_WARN_UNREACHABLE_CODE = YES;
				CLANG_WARN__DUPLICATE_METHOD_MATCH = YES;
				COPY_PHASE_STRIP = NO;
				DEBUG_INFORMATION_FORMAT = dwarf;
				ENABLE_STRICT_OBJC_MSGSEND = YES;
				ENABLE_TESTABILITY = YES;
				GCC_C_LANGUAGE_STANDARD = gnu11;
				GCC_DYNAMIC_NO_PIC = NO;
				GCC_NO_COMMON_BLOCKS = YES;
				GCC_OPTIMIZATION_LEVEL = 0;
				GCC_PREPROCESSOR_DEFINITIONS = (
					"DEBUG=1",
					"$(inherited)",
				);
				GCC_WARN_64_TO_32_BIT_CONVERSION = YES;
				GCC_WARN_ABOUT_RETURN_TYPE = YES_ERROR;
				GCC_WARN_UNDECLARED_SELECTOR = YES;
				GCC_WARN_UNINITIALIZED_AUTOS = YES_AGGRESSIVE;
				GCC_WARN_UNUSED_FUNCTION = YES;
				GCC_WARN_UNUSED_VARIABLE = YES;
				IPHONEOS_DEPLOYMENT_TARGET = 16.4;
				MTL_ENABLE_DEBUG_INFO = INCLUDE_SOURCE;
				MTL_FAST_MATH = YES;
				ONLY_ACTIVE_ARCH = YES;
				SDKROOT = iphoneos;
				SWIFT_ACTIVE_COMPILATION_CONDITIONS = DEBUG;
				SWIFT_OPTIMIZATION_LEVEL = "-Onone";
			};
			name = Debug;
		};
		4E38CB172A9A4C6A003294DC /* Release */ = {
			isa = XCBuildConfiguration;
			buildSettings = {
				ALWAYS_SEARCH_USER_PATHS = NO;
				CLANG_ANALYZER_NONNULL = YES;
				CLANG_ANALYZER_NUMBER_OBJECT_CONVERSION = YES_AGGRESSIVE;
				CLANG_CXX_LANGUAGE_STANDARD = "gnu++20";
				CLANG_ENABLE_MODULES = YES;
				CLANG_ENABLE_OBJC_ARC = YES;
				CLANG_ENABLE_OBJC_WEAK = YES;
				CLANG_WARN_BLOCK_CAPTURE_AUTORELEASING = YES;
				CLANG_WARN_BOOL_CONVERSION = YES;
				CLANG_WARN_COMMA = YES;
				CLANG_WARN_CONSTANT_CONVERSION = YES;
				CLANG_WARN_DEPRECATED_OBJC_IMPLEMENTATIONS = YES;
				CLANG_WARN_DIRECT_OBJC_ISA_USAGE = YES_ERROR;
				CLANG_WARN_DOCUMENTATION_COMMENTS = YES;
				CLANG_WARN_EMPTY_BODY = YES;
				CLANG_WARN_ENUM_CONVERSION = YES;
				CLANG_WARN_INFINITE_RECURSION = YES;
				CLANG_WARN_INT_CONVERSION = YES;
				CLANG_WARN_NON_LITERAL_NULL_CONVERSION = YES;
				CLANG_WARN_OBJC_IMPLICIT_RETAIN_SELF = YES;
				CLANG_WARN_OBJC_LITERAL_CONVERSION = YES;
				CLANG_WARN_OBJC_ROOT_CLASS = YES_ERROR;
				CLANG_WARN_QUOTED_INCLUDE_IN_FRAMEWORK_HEADER = YES;
				CLANG_WARN_RANGE_LOOP_ANALYSIS = YES;
				CLANG_WARN_STRICT_PROTOTYPES = YES;
				CLANG_WARN_SUSPICIOUS_MOVE = YES;
				CLANG_WARN_UNGUARDED_AVAILABILITY = YES_AGGRESSIVE;
				CLANG_WARN_UNREACHABLE_CODE = YES;
				CLANG_WARN__DUPLICATE_METHOD_MATCH = YES;
				COPY_PHASE_STRIP = NO;
				DEBUG_INFORMATION_FORMAT = "dwarf-with-dsym";
				ENABLE_NS_ASSERTIONS = NO;
				ENABLE_STRICT_OBJC_MSGSEND = YES;
				GCC_C_LANGUAGE_STANDARD = gnu11;
				GCC_NO_COMMON_BLOCKS = YES;
				GCC_WARN_64_TO_32_BIT_CONVERSION = YES;
				GCC_WARN_ABOUT_RETURN_TYPE = YES_ERROR;
				GCC_WARN_UNDECLARED_SELECTOR = YES;
				GCC_WARN_UNINITIALIZED_AUTOS = YES_AGGRESSIVE;
				GCC_WARN_UNUSED_FUNCTION = YES;
				GCC_WARN_UNUSED_VARIABLE = YES;
				IPHONEOS_DEPLOYMENT_TARGET = 16.4;
				MTL_ENABLE_DEBUG_INFO = NO;
				MTL_FAST_MATH = YES;
				SDKROOT = iphoneos;
				SWIFT_COMPILATION_MODE = wholemodule;
				SWIFT_OPTIMIZATION_LEVEL = "-O";
				VALIDATE_PRODUCT = YES;
			};
			name = Release;
		};
		4E38CB192A9A4C6A003294DC /* Debug */ = {
			isa = XCBuildConfiguration;
			buildSettings = {
				ASSETCATALOG_COMPILER_APPICON_NAME = AppIcon;
				ASSETCATALOG_COMPILER_GLOBAL_ACCENT_COLOR_NAME = AccentColor;
				CODE_SIGN_STYLE = Automatic;
				CURRENT_PROJECT_VERSION = 1;
				DEVELOPMENT_TEAM = KU38Q6SWMB;
				GENERATE_INFOPLIST_FILE = YES;
				INFOPLIST_FILE = "Ukraine Defense Tracker/Info.plist";
				INFOPLIST_KEY_UIApplicationSupportsIndirectInputEvents = YES;
				INFOPLIST_KEY_UILaunchStoryboardName = LaunchScreen;
				INFOPLIST_KEY_UISupportedInterfaceOrientations_iPad = "UIInterfaceOrientationPortrait UIInterfaceOrientationPortraitUpsideDown UIInterfaceOrientationLandscapeLeft UIInterfaceOrientationLandscapeRight";
				INFOPLIST_KEY_UISupportedInterfaceOrientations_iPhone = "UIInterfaceOrientationPortrait UIInterfaceOrientationLandscapeLeft UIInterfaceOrientationLandscapeRight";
				LD_RUNPATH_SEARCH_PATHS = (
					"$(inherited)",
					"@executable_path/Frameworks",
				);
				MARKETING_VERSION = 1.0;
				PRODUCT_BUNDLE_IDENTIFIER = "app.Ukraine-Defense-Tracker";
				PRODUCT_NAME = "$(TARGET_NAME)";
				SWIFT_EMIT_LOC_STRINGS = YES;
				SWIFT_VERSION = 5.0;
				TARGETED_DEVICE_FAMILY = "1,2";
			};
			name = Debug;
		};
		4E38CB1A2A9A4C6A003294DC /* Release */ = {
			isa = XCBuildConfiguration;
			buildSettings = {
				ASSETCATALOG_COMPILER_APPICON_NAME = AppIcon;
				ASSETCATALOG_COMPILER_GLOBAL_ACCENT_COLOR_NAME = AccentColor;
				CODE_SIGN_STYLE = Automatic;
				CURRENT_PROJECT_VERSION = 1;
				DEVELOPMENT_TEAM = KU38Q6SWMB;
				GENERATE_INFOPLIST_FILE = YES;
				INFOPLIST_FILE = "Ukraine Defense Tracker/Info.plist";
				INFOPLIST_KEY_UIApplicationSupportsIndirectInputEvents = YES;
				INFOPLIST_KEY_UILaunchStoryboardName = LaunchScreen;
				INFOPLIST_KEY_UISupportedInterfaceOrientations_iPad = "UIInterfaceOrientationPortrait UIInterfaceOrientationPortraitUpsideDown UIInterfaceOrientationLandscapeLeft UIInterfaceOrientationLandscapeRight";
				INFOPLIST_KEY_UISupportedInterfaceOrientations_iPhone = "UIInterfaceOrientationPortrait UIInterfaceOrientationLandscapeLeft UIInterfaceOrientationLandscapeRight";
				LD_RUNPATH_SEARCH_PATHS = (
					"$(inherited)",
					"@executable_path/Frameworks",
				);
				MARKETING_VERSION = 1.0;
				PRODUCT_BUNDLE_IDENTIFIER = "app.Ukraine-Defense-Tracker";
				PRODUCT_NAME = "$(TARGET_NAME)";
				SWIFT_EMIT_LOC_STRINGS = YES;
				SWIFT_VERSION = 5.0;
				TARGETED_DEVICE_FAMILY = "1,2";
			};
			name = Release;
		};
/* End XCBuildConfiguration section */

/* Begin XCConfigurationList section */
		4E38CAFF2A9A4C68003294DC /* Build configuration list for PBXProject "Ukraine Defense Tracker" */ = {
			isa = XCConfigurationList;
			buildConfigurations = (
				4E38CB162A9A4C6A003294DC /* Debug */,
				4E38CB172A9A4C6A003294DC /* Release */,
			);
			defaultConfigurationIsVisible = 0;
			defaultConfigurationName = Release;
		};
		4E38CB182A9A4C6A003294DC /* Build configuration list for PBXNativeTarget "Ukraine Defense Tracker" */ = {
			isa = XCConfigurationList;
			buildConfigurations = (
				4E38CB192A9A4C6A003294DC /* Debug */,
				4E38CB1A2A9A4C6A003294DC /* Release */,
			);
			defaultConfigurationIsVisible = 0;
			defaultConfigurationName = Release;
		};
/* End XCConfigurationList section */
	};
	rootObject = 4E38CAFC2A9A4C68003294DC /* Project object */;
}
